// !$*UTF8*$!
{
	archiveVersion = 1;
	classes = {
	};
	objectVersion = 56;
	objects = {

/* Begin PBXBuildFile section */
		E00A40B72A30F70B009881D1 /* TextFieldWithPadding.swift in Sources */ = {isa = PBXBuildFile; fileRef = E00A40B62A30F70B009881D1 /* TextFieldWithPadding.swift */; };
		E04BF28B2A2F738F0054C6B0 /* AppDelegate.swift in Sources */ = {isa = PBXBuildFile; fileRef = E04BF28A2A2F738F0054C6B0 /* AppDelegate.swift */; };
		E04BF28D2A2F738F0054C6B0 /* SceneDelegate.swift in Sources */ = {isa = PBXBuildFile; fileRef = E04BF28C2A2F738F0054C6B0 /* SceneDelegate.swift */; };
		E04BF28F2A2F738F0054C6B0 /* MemoriesCatalogViewController.swift in Sources */ = {isa = PBXBuildFile; fileRef = E04BF28E2A2F738F0054C6B0 /* MemoriesCatalogViewController.swift */; };
		E04BF2922A2F738F0054C6B0 /* Main.storyboard in Resources */ = {isa = PBXBuildFile; fileRef = E04BF2902A2F738F0054C6B0 /* Main.storyboard */; };
		E04BF2942A2F73940054C6B0 /* Assets.xcassets in Resources */ = {isa = PBXBuildFile; fileRef = E04BF2932A2F73940054C6B0 /* Assets.xcassets */; };
		E04BF2972A2F73940054C6B0 /* LaunchScreen.storyboard in Resources */ = {isa = PBXBuildFile; fileRef = E04BF2952A2F73940054C6B0 /* LaunchScreen.storyboard */; };
		E04BF2A12A2F73DE0054C6B0 /* Database.xcdatamodeld in Sources */ = {isa = PBXBuildFile; fileRef = E04BF29F2A2F73DE0054C6B0 /* Database.xcdatamodeld */; };
		E04BF2B12A2F78650054C6B0 /* UIColorExtension.swift in Sources */ = {isa = PBXBuildFile; fileRef = E04BF2B02A2F78650054C6B0 /* UIColorExtension.swift */; };
		E04BF2B42A2F7DB20054C6B0 /* CreatingMemoryViewController.swift in Sources */ = {isa = PBXBuildFile; fileRef = E04BF2B32A2F7DB20054C6B0 /* CreatingMemoryViewController.swift */; };
		E04CAF592A33948E0049EBE6 /* LogInViewController.swift in Sources */ = {isa = PBXBuildFile; fileRef = E04CAF582A33948E0049EBE6 /* LogInViewController.swift */; };
		E04CAF5C2A33967E0049EBE6 /* AuthenticationServices.framework in Frameworks */ = {isa = PBXBuildFile; fileRef = E04CAF5B2A33967E0049EBE6 /* AuthenticationServices.framework */; };
		E05FEAC02A384C6C0004EAE5 /* UIViewControllerExtension.swift in Sources */ = {isa = PBXBuildFile; fileRef = E05FEABF2A384C6C0004EAE5 /* UIViewControllerExtension.swift */; };
		E05FEAC22A384F130004EAE5 /* SignUpViewController.swift in Sources */ = {isa = PBXBuildFile; fileRef = E05FEAC12A384F130004EAE5 /* SignUpViewController.swift */; };
		E05FEAC52A38587A0004EAE5 /* FirebaseAuth in Frameworks */ = {isa = PBXBuildFile; productRef = E05FEAC42A38587A0004EAE5 /* FirebaseAuth */; };
		E05FEAC72A38587A0004EAE5 /* FirebaseAuthCombine-Community in Frameworks */ = {isa = PBXBuildFile; productRef = E05FEAC62A38587A0004EAE5 /* FirebaseAuthCombine-Community */; };
		E05FEAC92A38587A0004EAE5 /* FirebaseDatabase in Frameworks */ = {isa = PBXBuildFile; productRef = E05FEAC82A38587A0004EAE5 /* FirebaseDatabase */; };
		E05FEACB2A38587A0004EAE5 /* FirebaseFirestore in Frameworks */ = {isa = PBXBuildFile; productRef = E05FEACA2A38587A0004EAE5 /* FirebaseFirestore */; };
		E05FEACD2A38587A0004EAE5 /* FirebaseStorage in Frameworks */ = {isa = PBXBuildFile; productRef = E05FEACC2A38587A0004EAE5 /* FirebaseStorage */; };
		E05FEACF2A385A670004EAE5 /* AuthModel.swift in Sources */ = {isa = PBXBuildFile; fileRef = E05FEACE2A385A670004EAE5 /* AuthModel.swift */; };
		E05FEAD42A385E140004EAE5 /* GoogleService-Info.plist in Resources */ = {isa = PBXBuildFile; fileRef = E05FEAD32A385E140004EAE5 /* GoogleService-Info.plist */; };
		E05FEAD62A3863E80004EAE5 /* UserDataModel.swift in Sources */ = {isa = PBXBuildFile; fileRef = E05FEAD52A3863E80004EAE5 /* UserDataModel.swift */; };
		E05FEAD82A38699D0004EAE5 /* TabBarController.swift in Sources */ = {isa = PBXBuildFile; fileRef = E05FEAD72A38699D0004EAE5 /* TabBarController.swift */; };
		E05FEADA2A386B040004EAE5 /* UserProfileViewController.swift in Sources */ = {isa = PBXBuildFile; fileRef = E05FEAD92A386B040004EAE5 /* UserProfileViewController.swift */; };
		E061A2182A40745D00836AC5 /* MemoriesCollectionViewController.swift in Sources */ = {isa = PBXBuildFile; fileRef = E061A2172A40745D00836AC5 /* MemoriesCollectionViewController.swift */; };
		E061A21A2A40755600836AC5 /* MemoryCollectionViewCell.swift in Sources */ = {isa = PBXBuildFile; fileRef = E061A2192A40755600836AC5 /* MemoryCollectionViewCell.swift */; };
		E07E53292A3F1E410077641F /* SearchViewController.swift in Sources */ = {isa = PBXBuildFile; fileRef = E07E53282A3F1E410077641F /* SearchViewController.swift */; };
		E07E532B2A3F24B10077641F /* UserTableViewCell.swift in Sources */ = {isa = PBXBuildFile; fileRef = E07E532A2A3F24B10077641F /* UserTableViewCell.swift */; };
		E08AAB012A39DF1E00EC1168 /* DownloadDataModel.swift in Sources */ = {isa = PBXBuildFile; fileRef = E08AAB002A39DF1E00EC1168 /* DownloadDataModel.swift */; };
		E08AAB042A39E0DC00EC1168 /* Kingfisher in Frameworks */ = {isa = PBXBuildFile; productRef = E08AAB032A39E0DC00EC1168 /* Kingfisher */; };
		E095AFA52A38B57E00A63483 /* UploadDataModel.swift in Sources */ = {isa = PBXBuildFile; fileRef = E095AFA42A38B57E00A63483 /* UploadDataModel.swift */; };
		E0A4F4B02A3062F000F3C173 /* PhotosCollectionViewCell.swift in Sources */ = {isa = PBXBuildFile; fileRef = E0A4F4AF2A3062F000F3C173 /* PhotosCollectionViewCell.swift */; };
		E0AAB4F72A4046CB009A5924 /* MemoryDataModel.swift in Sources */ = {isa = PBXBuildFile; fileRef = E0AAB4F62A4046CB009A5924 /* MemoryDataModel.swift */; };
		E0B6345E2A376DA5009CFDAE /* MainScreenViewController.swift in Sources */ = {isa = PBXBuildFile; fileRef = E0B6345D2A376DA5009CFDAE /* MainScreenViewController.swift */; };
		E0D27F972A31B0D100C2C48D /* MemoryTableViewCell.swift in Sources */ = {isa = PBXBuildFile; fileRef = E0D27F962A31B0D100C2C48D /* MemoryTableViewCell.swift */; };
		E0D27F9C2A31BC6400C2C48D /* MemoryBrowseViewController.swift in Sources */ = {isa = PBXBuildFile; fileRef = E0D27F9B2A31BC6400C2C48D /* MemoryBrowseViewController.swift */; };
		E0D27F9F2A31C07400C2C48D /* DataManager.swift in Sources */ = {isa = PBXBuildFile; fileRef = E0D27F9E2A31C07400C2C48D /* DataManager.swift */; };
		E0D3BBB92A324785001DF543 /* ViewController.swift in Sources */ = {isa = PBXBuildFile; fileRef = E0D3BBB82A324785001DF543 /* ViewController.swift */; };
		E0D3BBC42A324A1D001DF543 /* MemoryDatabase+CoreDataClass.swift in Sources */ = {isa = PBXBuildFile; fileRef = E0D3BBC22A324A1D001DF543 /* MemoryDatabase+CoreDataClass.swift */; };
		E0D3BBC52A324A1D001DF543 /* MemoryDatabase+CoreDataProperties.swift in Sources */ = {isa = PBXBuildFile; fileRef = E0D3BBC32A324A1D001DF543 /* MemoryDatabase+CoreDataProperties.swift */; };
		E0F2298C2A39A389008C271D /* SetProfileImageViewController.swift in Sources */ = {isa = PBXBuildFile; fileRef = E0F2298B2A39A389008C271D /* SetProfileImageViewController.swift */; };
/* End PBXBuildFile section */

/* Begin PBXFileReference section */
		E00A40B62A30F70B009881D1 /* TextFieldWithPadding.swift */ = {isa = PBXFileReference; lastKnownFileType = sourcecode.swift; name = TextFieldWithPadding.swift; path = Memories/Extensions/TextFieldWithPadding.swift; sourceTree = SOURCE_ROOT; };
		E04BF2872A2F738F0054C6B0 /* Memories.app */ = {isa = PBXFileReference; explicitFileType = wrapper.application; includeInIndex = 0; path = Memories.app; sourceTree = BUILT_PRODUCTS_DIR; };
		E04BF28A2A2F738F0054C6B0 /* AppDelegate.swift */ = {isa = PBXFileReference; lastKnownFileType = sourcecode.swift; path = AppDelegate.swift; sourceTree = "<group>"; };
		E04BF28C2A2F738F0054C6B0 /* SceneDelegate.swift */ = {isa = PBXFileReference; lastKnownFileType = sourcecode.swift; path = SceneDelegate.swift; sourceTree = "<group>"; };
		E04BF28E2A2F738F0054C6B0 /* MemoriesCatalogViewController.swift */ = {isa = PBXFileReference; lastKnownFileType = sourcecode.swift; path = MemoriesCatalogViewController.swift; sourceTree = "<group>"; };
		E04BF2912A2F738F0054C6B0 /* Base */ = {isa = PBXFileReference; lastKnownFileType = file.storyboard; name = Base; path = Base.lproj/Main.storyboard; sourceTree = "<group>"; };
		E04BF2932A2F73940054C6B0 /* Assets.xcassets */ = {isa = PBXFileReference; lastKnownFileType = folder.assetcatalog; path = Assets.xcassets; sourceTree = "<group>"; };
		E04BF2962A2F73940054C6B0 /* Base */ = {isa = PBXFileReference; lastKnownFileType = file.storyboard; name = Base; path = Base.lproj/LaunchScreen.storyboard; sourceTree = "<group>"; };
		E04BF2982A2F73940054C6B0 /* Info.plist */ = {isa = PBXFileReference; lastKnownFileType = text.plist.xml; path = Info.plist; sourceTree = "<group>"; };
		E04BF2A02A2F73DE0054C6B0 /* Database.xcdatamodel */ = {isa = PBXFileReference; lastKnownFileType = wrapper.xcdatamodel; path = Database.xcdatamodel; sourceTree = "<group>"; };
		E04BF2B02A2F78650054C6B0 /* UIColorExtension.swift */ = {isa = PBXFileReference; lastKnownFileType = sourcecode.swift; path = UIColorExtension.swift; sourceTree = "<group>"; };
		E04BF2B32A2F7DB20054C6B0 /* CreatingMemoryViewController.swift */ = {isa = PBXFileReference; lastKnownFileType = sourcecode.swift; path = CreatingMemoryViewController.swift; sourceTree = "<group>"; };
		E04CAF582A33948E0049EBE6 /* LogInViewController.swift */ = {isa = PBXFileReference; lastKnownFileType = sourcecode.swift; path = LogInViewController.swift; sourceTree = "<group>"; };
		E04CAF5B2A33967E0049EBE6 /* AuthenticationServices.framework */ = {isa = PBXFileReference; lastKnownFileType = wrapper.framework; name = AuthenticationServices.framework; path = System/Library/Frameworks/AuthenticationServices.framework; sourceTree = SDKROOT; };
		E05FEABF2A384C6C0004EAE5 /* UIViewControllerExtension.swift */ = {isa = PBXFileReference; lastKnownFileType = sourcecode.swift; path = UIViewControllerExtension.swift; sourceTree = "<group>"; };
		E05FEAC12A384F130004EAE5 /* SignUpViewController.swift */ = {isa = PBXFileReference; lastKnownFileType = sourcecode.swift; path = SignUpViewController.swift; sourceTree = "<group>"; };
		E05FEACE2A385A670004EAE5 /* AuthModel.swift */ = {isa = PBXFileReference; lastKnownFileType = sourcecode.swift; path = AuthModel.swift; sourceTree = "<group>"; };
		E05FEAD32A385E140004EAE5 /* GoogleService-Info.plist */ = {isa = PBXFileReference; fileEncoding = 4; lastKnownFileType = text.plist.xml; path = "GoogleService-Info.plist"; sourceTree = "<group>"; };
		E05FEAD52A3863E80004EAE5 /* UserDataModel.swift */ = {isa = PBXFileReference; lastKnownFileType = sourcecode.swift; path = UserDataModel.swift; sourceTree = "<group>"; };
		E05FEAD72A38699D0004EAE5 /* TabBarController.swift */ = {isa = PBXFileReference; lastKnownFileType = sourcecode.swift; path = TabBarController.swift; sourceTree = "<group>"; };
		E05FEAD92A386B040004EAE5 /* UserProfileViewController.swift */ = {isa = PBXFileReference; lastKnownFileType = sourcecode.swift; path = UserProfileViewController.swift; sourceTree = "<group>"; };
		E061A2172A40745D00836AC5 /* MemoriesCollectionViewController.swift */ = {isa = PBXFileReference; lastKnownFileType = sourcecode.swift; path = MemoriesCollectionViewController.swift; sourceTree = "<group>"; };
		E061A2192A40755600836AC5 /* MemoryCollectionViewCell.swift */ = {isa = PBXFileReference; lastKnownFileType = sourcecode.swift; path = MemoryCollectionViewCell.swift; sourceTree = "<group>"; };
		E07E53282A3F1E410077641F /* SearchViewController.swift */ = {isa = PBXFileReference; lastKnownFileType = sourcecode.swift; path = SearchViewController.swift; sourceTree = "<group>"; };
		E07E532A2A3F24B10077641F /* UserTableViewCell.swift */ = {isa = PBXFileReference; lastKnownFileType = sourcecode.swift; path = UserTableViewCell.swift; sourceTree = "<group>"; };
		E08AAB002A39DF1E00EC1168 /* DownloadDataModel.swift */ = {isa = PBXFileReference; lastKnownFileType = sourcecode.swift; path = DownloadDataModel.swift; sourceTree = "<group>"; };
		E095AFA42A38B57E00A63483 /* UploadDataModel.swift */ = {isa = PBXFileReference; lastKnownFileType = sourcecode.swift; path = UploadDataModel.swift; sourceTree = "<group>"; };
		E0A4F4AF2A3062F000F3C173 /* PhotosCollectionViewCell.swift */ = {isa = PBXFileReference; lastKnownFileType = sourcecode.swift; path = PhotosCollectionViewCell.swift; sourceTree = "<group>"; };
		E0AAB4F62A4046CB009A5924 /* MemoryDataModel.swift */ = {isa = PBXFileReference; lastKnownFileType = sourcecode.swift; path = MemoryDataModel.swift; sourceTree = "<group>"; };
		E0B6345B2A375D85009CFDAE /* README.md */ = {isa = PBXFileReference; lastKnownFileType = net.daringfireball.markdown; path = README.md; sourceTree = "<group>"; };
		E0B6345D2A376DA5009CFDAE /* MainScreenViewController.swift */ = {isa = PBXFileReference; lastKnownFileType = sourcecode.swift; path = MainScreenViewController.swift; sourceTree = "<group>"; };
		E0D27F962A31B0D100C2C48D /* MemoryTableViewCell.swift */ = {isa = PBXFileReference; lastKnownFileType = sourcecode.swift; path = MemoryTableViewCell.swift; sourceTree = "<group>"; };
		E0D27F9B2A31BC6400C2C48D /* MemoryBrowseViewController.swift */ = {isa = PBXFileReference; lastKnownFileType = sourcecode.swift; path = MemoryBrowseViewController.swift; sourceTree = "<group>"; };
		E0D27F9E2A31C07400C2C48D /* DataManager.swift */ = {isa = PBXFileReference; lastKnownFileType = sourcecode.swift; path = DataManager.swift; sourceTree = "<group>"; };
		E0D3BBB82A324785001DF543 /* ViewController.swift */ = {isa = PBXFileReference; lastKnownFileType = sourcecode.swift; path = ViewController.swift; sourceTree = "<group>"; };
		E0D3BBC22A324A1D001DF543 /* MemoryDatabase+CoreDataClass.swift */ = {isa = PBXFileReference; lastKnownFileType = sourcecode.swift; path = "MemoryDatabase+CoreDataClass.swift"; sourceTree = "<group>"; };
		E0D3BBC32A324A1D001DF543 /* MemoryDatabase+CoreDataProperties.swift */ = {isa = PBXFileReference; lastKnownFileType = sourcecode.swift; path = "MemoryDatabase+CoreDataProperties.swift"; sourceTree = "<group>"; };
		E0F2298B2A39A389008C271D /* SetProfileImageViewController.swift */ = {isa = PBXFileReference; lastKnownFileType = sourcecode.swift; path = SetProfileImageViewController.swift; sourceTree = "<group>"; };
/* End PBXFileReference section */

/* Begin PBXFrameworksBuildPhase section */
		E04BF2842A2F738F0054C6B0 /* Frameworks */ = {
			isa = PBXFrameworksBuildPhase;
			buildActionMask = 2147483647;
			files = (
				E04CAF5C2A33967E0049EBE6 /* AuthenticationServices.framework in Frameworks */,
				E05FEAC72A38587A0004EAE5 /* FirebaseAuthCombine-Community in Frameworks */,
				E08AAB042A39E0DC00EC1168 /* Kingfisher in Frameworks */,
				E05FEAC92A38587A0004EAE5 /* FirebaseDatabase in Frameworks */,
				E05FEACB2A38587A0004EAE5 /* FirebaseFirestore in Frameworks */,
				E05FEAC52A38587A0004EAE5 /* FirebaseAuth in Frameworks */,
				E05FEACD2A38587A0004EAE5 /* FirebaseStorage in Frameworks */,
			);
			runOnlyForDeploymentPostprocessing = 0;
		};
/* End PBXFrameworksBuildPhase section */

/* Begin PBXGroup section */
		E00A40B52A30F037009881D1 /* Storyboards */ = {
			isa = PBXGroup;
			children = (
				E0D3BBB82A324785001DF543 /* ViewController.swift */,
				E04BF2902A2F738F0054C6B0 /* Main.storyboard */,
				E04BF2952A2F73940054C6B0 /* LaunchScreen.storyboard */,
			);
			path = Storyboards;
			sourceTree = "<group>";
		};
		E04BF27E2A2F738F0054C6B0 = {
			isa = PBXGroup;
			children = (
				E0B6345B2A375D85009CFDAE /* README.md */,
				E04BF2892A2F738F0054C6B0 /* Memories */,
				E04BF2882A2F738F0054C6B0 /* Products */,
				E04CAF5A2A33967D0049EBE6 /* Frameworks */,
			);
			sourceTree = "<group>";
		};
		E04BF2882A2F738F0054C6B0 /* Products */ = {
			isa = PBXGroup;
			children = (
				E04BF2872A2F738F0054C6B0 /* Memories.app */,
			);
			name = Products;
			sourceTree = "<group>";
		};
		E04BF2892A2F738F0054C6B0 /* Memories */ = {
			isa = PBXGroup;
			children = (
				E00A40B52A30F037009881D1 /* Storyboards */,
				E05FEAD02A385A760004EAE5 /* Models */,
				E04BF2AF2A2F78540054C6B0 /* Extensions */,
				E04BF29E2A2F73C70054C6B0 /* DataBase */,
				E04BF28A2A2F738F0054C6B0 /* AppDelegate.swift */,
				E04BF28C2A2F738F0054C6B0 /* SceneDelegate.swift */,
				E04BF2B22A2F7D910054C6B0 /* ViewControllers */,
				E04BF2932A2F73940054C6B0 /* Assets.xcassets */,
				E04BF2982A2F73940054C6B0 /* Info.plist */,
				E05FEAD32A385E140004EAE5 /* GoogleService-Info.plist */,
			);
			path = Memories;
			sourceTree = "<group>";
		};
		E04BF29E2A2F73C70054C6B0 /* DataBase */ = {
			isa = PBXGroup;
			children = (
				E0D27F9D2A31C05F00C2C48D /* Managers */,
				E04BF2A22A2F74D60054C6B0 /* Models */,
			);
			path = DataBase;
			sourceTree = "<group>";
		};
		E04BF2A22A2F74D60054C6B0 /* Models */ = {
			isa = PBXGroup;
			children = (
				E0D3BBC22A324A1D001DF543 /* MemoryDatabase+CoreDataClass.swift */,
				E0D3BBC32A324A1D001DF543 /* MemoryDatabase+CoreDataProperties.swift */,
				E04BF29F2A2F73DE0054C6B0 /* Database.xcdatamodeld */,
			);
			path = Models;
			sourceTree = "<group>";
		};
		E04BF2AF2A2F78540054C6B0 /* Extensions */ = {
			isa = PBXGroup;
			children = (
				E00A40B62A30F70B009881D1 /* TextFieldWithPadding.swift */,
				E04BF2B02A2F78650054C6B0 /* UIColorExtension.swift */,
				E05FEABF2A384C6C0004EAE5 /* UIViewControllerExtension.swift */,
			);
			path = Extensions;
			sourceTree = "<group>";
		};
		E04BF2B22A2F7D910054C6B0 /* ViewControllers */ = {
			isa = PBXGroup;
			children = (
				E05FEAD72A38699D0004EAE5 /* TabBarController.swift */,
				E061A2162A40742D00836AC5 /* OtherUsersMemoriesScreen */,
				E07E53272A3F1E1E0077641F /* Search Screen */,
				E0D27F9A2A31BC4100C2C48D /* MemoryBrowseScreen */,
				E0D27F982A31BC2400C2C48D /* MainScreen */,
				E0D27F992A31BC3100C2C48D /* CreatingAndEditingScreen */,
				E0B6345C2A376D7A009CFDAE /* Log In and Sign Up */,
				E08AAB052A39EAAE00EC1168 /* ProfileViewController */,
				E0F2298F2A39A3ED008C271D /* ProfileImage */,
			);
			path = ViewControllers;
			sourceTree = "<group>";
		};
		E04CAF5A2A33967D0049EBE6 /* Frameworks */ = {
			isa = PBXGroup;
			children = (
				E04CAF5B2A33967E0049EBE6 /* AuthenticationServices.framework */,
			);
			name = Frameworks;
			sourceTree = "<group>";
		};
		E05FEAD02A385A760004EAE5 /* Models */ = {
			isa = PBXGroup;
			children = (
				E05FEACE2A385A670004EAE5 /* AuthModel.swift */,
				E05FEAD52A3863E80004EAE5 /* UserDataModel.swift */,
				E095AFA42A38B57E00A63483 /* UploadDataModel.swift */,
				E08AAB002A39DF1E00EC1168 /* DownloadDataModel.swift */,
				E0AAB4F62A4046CB009A5924 /* MemoryDataModel.swift */,
			);
			path = Models;
			sourceTree = "<group>";
		};
		E061A2162A40742D00836AC5 /* OtherUsersMemoriesScreen */ = {
			isa = PBXGroup;
			children = (
				E061A2172A40745D00836AC5 /* MemoriesCollectionViewController.swift */,
				E061A2192A40755600836AC5 /* MemoryCollectionViewCell.swift */,
			);
			path = OtherUsersMemoriesScreen;
			sourceTree = "<group>";
		};
		E07E53272A3F1E1E0077641F /* Search Screen */ = {
			isa = PBXGroup;
			children = (
				E07E53282A3F1E410077641F /* SearchViewController.swift */,
				E07E532A2A3F24B10077641F /* UserTableViewCell.swift */,
			);
			path = "Search Screen";
			sourceTree = "<group>";
		};
		E08AAB052A39EAAE00EC1168 /* ProfileViewController */ = {
			isa = PBXGroup;
			children = (
				E05FEAD92A386B040004EAE5 /* UserProfileViewController.swift */,
			);
			path = ProfileViewController;
			sourceTree = "<group>";
		};
		E0B6345C2A376D7A009CFDAE /* Log In and Sign Up */ = {
			isa = PBXGroup;
			children = (
				E0B6345D2A376DA5009CFDAE /* MainScreenViewController.swift */,
				E04CAF582A33948E0049EBE6 /* LogInViewController.swift */,
				E05FEAC12A384F130004EAE5 /* SignUpViewController.swift */,
			);
			path = "Log In and Sign Up";
			sourceTree = "<group>";
		};
		E0D27F982A31BC2400C2C48D /* MainScreen */ = {
			isa = PBXGroup;
			children = (
				E04BF28E2A2F738F0054C6B0 /* MemoriesCatalogViewController.swift */,
				E0D27F962A31B0D100C2C48D /* MemoryTableViewCell.swift */,
			);
			path = MainScreen;
			sourceTree = "<group>";
		};
		E0D27F992A31BC3100C2C48D /* CreatingAndEditingScreen */ = {
			isa = PBXGroup;
			children = (
				E04BF2B32A2F7DB20054C6B0 /* CreatingMemoryViewController.swift */,
				E0A4F4AF2A3062F000F3C173 /* PhotosCollectionViewCell.swift */,
			);
			path = CreatingAndEditingScreen;
			sourceTree = "<group>";
		};
		E0D27F9A2A31BC4100C2C48D /* MemoryBrowseScreen */ = {
			isa = PBXGroup;
			children = (
				E0D27F9B2A31BC6400C2C48D /* MemoryBrowseViewController.swift */,
			);
			path = MemoryBrowseScreen;
			sourceTree = "<group>";
		};
		E0D27F9D2A31C05F00C2C48D /* Managers */ = {
			isa = PBXGroup;
			children = (
				E0D27F9E2A31C07400C2C48D /* DataManager.swift */,
			);
			path = Managers;
			sourceTree = "<group>";
		};
		E0F2298F2A39A3ED008C271D /* ProfileImage */ = {
			isa = PBXGroup;
			children = (
				E0F2298B2A39A389008C271D /* SetProfileImageViewController.swift */,
			);
			path = ProfileImage;
			sourceTree = "<group>";
		};
/* End PBXGroup section */

/* Begin PBXNativeTarget section */
		E04BF2862A2F738F0054C6B0 /* Memories */ = {
			isa = PBXNativeTarget;
			buildConfigurationList = E04BF29B2A2F73940054C6B0 /* Build configuration list for PBXNativeTarget "Memories" */;
			buildPhases = (
				E04BF2832A2F738F0054C6B0 /* Sources */,
				E04BF2842A2F738F0054C6B0 /* Frameworks */,
				E04BF2852A2F738F0054C6B0 /* Resources */,
			);
			buildRules = (
			);
			dependencies = (
			);
			name = Memories;
			packageProductDependencies = (
				E05FEAC42A38587A0004EAE5 /* FirebaseAuth */,
				E05FEAC62A38587A0004EAE5 /* FirebaseAuthCombine-Community */,
				E05FEAC82A38587A0004EAE5 /* FirebaseDatabase */,
				E05FEACA2A38587A0004EAE5 /* FirebaseFirestore */,
				E05FEACC2A38587A0004EAE5 /* FirebaseStorage */,
				E08AAB032A39E0DC00EC1168 /* Kingfisher */,
			);
			productName = Memories;
			productReference = E04BF2872A2F738F0054C6B0 /* Memories.app */;
			productType = "com.apple.product-type.application";
		};
/* End PBXNativeTarget section */

/* Begin PBXProject section */
		E04BF27F2A2F738F0054C6B0 /* Project object */ = {
			isa = PBXProject;
			attributes = {
				BuildIndependentTargetsInParallel = 1;
				LastSwiftUpdateCheck = 1420;
				LastUpgradeCheck = 1420;
				TargetAttributes = {
					E04BF2862A2F738F0054C6B0 = {
						CreatedOnToolsVersion = 14.2;
					};
				};
			};
			buildConfigurationList = E04BF2822A2F738F0054C6B0 /* Build configuration list for PBXProject "Memories" */;
			compatibilityVersion = "Xcode 14.0";
			developmentRegion = en;
			hasScannedForEncodings = 0;
			knownRegions = (
				en,
				Base,
			);
			mainGroup = E04BF27E2A2F738F0054C6B0;
			packageReferences = (
				E05FEAC32A38587A0004EAE5 /* XCRemoteSwiftPackageReference "firebase-ios-sdk" */,
				E08AAB022A39E0DC00EC1168 /* XCRemoteSwiftPackageReference "Kingfisher" */,
			);
			productRefGroup = E04BF2882A2F738F0054C6B0 /* Products */;
			projectDirPath = "";
			projectRoot = "";
			targets = (
				E04BF2862A2F738F0054C6B0 /* Memories */,
			);
		};
/* End PBXProject section */

/* Begin PBXResourcesBuildPhase section */
		E04BF2852A2F738F0054C6B0 /* Resources */ = {
			isa = PBXResourcesBuildPhase;
			buildActionMask = 2147483647;
			files = (
				E04BF2972A2F73940054C6B0 /* LaunchScreen.storyboard in Resources */,
				E05FEAD42A385E140004EAE5 /* GoogleService-Info.plist in Resources */,
				E04BF2942A2F73940054C6B0 /* Assets.xcassets in Resources */,
				E04BF2922A2F738F0054C6B0 /* Main.storyboard in Resources */,
			);
			runOnlyForDeploymentPostprocessing = 0;
		};
/* End PBXResourcesBuildPhase section */

/* Begin PBXSourcesBuildPhase section */
		E04BF2832A2F738F0054C6B0 /* Sources */ = {
			isa = PBXSourcesBuildPhase;
			buildActionMask = 2147483647;
			files = (
				E04BF28F2A2F738F0054C6B0 /* MemoriesCatalogViewController.swift in Sources */,
				E07E532B2A3F24B10077641F /* UserTableViewCell.swift in Sources */,
				E04BF2B12A2F78650054C6B0 /* UIColorExtension.swift in Sources */,
				E0D27F9C2A31BC6400C2C48D /* MemoryBrowseViewController.swift in Sources */,
				E0D3BBC42A324A1D001DF543 /* MemoryDatabase+CoreDataClass.swift in Sources */,
				E05FEAC02A384C6C0004EAE5 /* UIViewControllerExtension.swift in Sources */,
				E0A4F4B02A3062F000F3C173 /* PhotosCollectionViewCell.swift in Sources */,
				E05FEAC22A384F130004EAE5 /* SignUpViewController.swift in Sources */,
				E0AAB4F72A4046CB009A5924 /* MemoryDataModel.swift in Sources */,
				E0D3BBC52A324A1D001DF543 /* MemoryDatabase+CoreDataProperties.swift in Sources */,
				E07E53292A3F1E410077641F /* SearchViewController.swift in Sources */,
				E061A2182A40745D00836AC5 /* MemoriesCollectionViewController.swift in Sources */,
				E05FEACF2A385A670004EAE5 /* AuthModel.swift in Sources */,
				E05FEADA2A386B040004EAE5 /* UserProfileViewController.swift in Sources */,
				E0D3BBB92A324785001DF543 /* ViewController.swift in Sources */,
				E04BF2B42A2F7DB20054C6B0 /* CreatingMemoryViewController.swift in Sources */,
				E04CAF592A33948E0049EBE6 /* LogInViewController.swift in Sources */,
				E0F2298C2A39A389008C271D /* SetProfileImageViewController.swift in Sources */,
				E05FEAD62A3863E80004EAE5 /* UserDataModel.swift in Sources */,
				E04BF28B2A2F738F0054C6B0 /* AppDelegate.swift in Sources */,
				E00A40B72A30F70B009881D1 /* TextFieldWithPadding.swift in Sources */,
				E04BF2A12A2F73DE0054C6B0 /* Database.xcdatamodeld in Sources */,
				E095AFA52A38B57E00A63483 /* UploadDataModel.swift in Sources */,
				E0D27F972A31B0D100C2C48D /* MemoryTableViewCell.swift in Sources */,
				E08AAB012A39DF1E00EC1168 /* DownloadDataModel.swift in Sources */,
				E061A21A2A40755600836AC5 /* MemoryCollectionViewCell.swift in Sources */,
				E0B6345E2A376DA5009CFDAE /* MainScreenViewController.swift in Sources */,
				E05FEAD82A38699D0004EAE5 /* TabBarController.swift in Sources */,
				E04BF28D2A2F738F0054C6B0 /* SceneDelegate.swift in Sources */,
				E0D27F9F2A31C07400C2C48D /* DataManager.swift in Sources */,
			);
			runOnlyForDeploymentPostprocessing = 0;
		};
/* End PBXSourcesBuildPhase section */

/* Begin PBXVariantGroup section */
		E04BF2902A2F738F0054C6B0 /* Main.storyboard */ = {
			isa = PBXVariantGroup;
			children = (
				E04BF2912A2F738F0054C6B0 /* Base */,
			);
			name = Main.storyboard;
			sourceTree = "<group>";
		};
		E04BF2952A2F73940054C6B0 /* LaunchScreen.storyboard */ = {
			isa = PBXVariantGroup;
			children = (
				E04BF2962A2F73940054C6B0 /* Base */,
			);
			name = LaunchScreen.storyboard;
			sourceTree = "<group>";
		};
/* End PBXVariantGroup section */

/* Begin XCBuildConfiguration section */
		E04BF2992A2F73940054C6B0 /* Debug */ = {
			isa = XCBuildConfiguration;
			buildSettings = {
				ALWAYS_SEARCH_USER_PATHS = NO;
				CLANG_ANALYZER_NONNULL = YES;
				CLANG_ANALYZER_NUMBER_OBJECT_CONVERSION = YES_AGGRESSIVE;
				CLANG_CXX_LANGUAGE_STANDARD = "gnu++20";
				CLANG_ENABLE_MODULES = YES;
				CLANG_ENABLE_OBJC_ARC = YES;
				CLANG_ENABLE_OBJC_WEAK = YES;
				CLANG_WARN_BLOCK_CAPTURE_AUTORELEASING = YES;
				CLANG_WARN_BOOL_CONVERSION = YES;
				CLANG_WARN_COMMA = YES;
				CLANG_WARN_CONSTANT_CONVERSION = YES;
				CLANG_WARN_DEPRECATED_OBJC_IMPLEMENTATIONS = YES;
				CLANG_WARN_DIRECT_OBJC_ISA_USAGE = YES_ERROR;
				CLANG_WARN_DOCUMENTATION_COMMENTS = YES;
				CLANG_WARN_EMPTY_BODY = YES;
				CLANG_WARN_ENUM_CONVERSION = YES;
				CLANG_WARN_INFINITE_RECURSION = YES;
				CLANG_WARN_INT_CONVERSION = YES;
				CLANG_WARN_NON_LITERAL_NULL_CONVERSION = YES;
				CLANG_WARN_OBJC_IMPLICIT_RETAIN_SELF = YES;
				CLANG_WARN_OBJC_LITERAL_CONVERSION = YES;
				CLANG_WARN_OBJC_ROOT_CLASS = YES_ERROR;
				CLANG_WARN_QUOTED_INCLUDE_IN_FRAMEWORK_HEADER = YES;
				CLANG_WARN_RANGE_LOOP_ANALYSIS = YES;
				CLANG_WARN_STRICT_PROTOTYPES = YES;
				CLANG_WARN_SUSPICIOUS_MOVE = YES;
				CLANG_WARN_UNGUARDED_AVAILABILITY = YES_AGGRESSIVE;
				CLANG_WARN_UNREACHABLE_CODE = YES;
				CLANG_WARN__DUPLICATE_METHOD_MATCH = YES;
				COPY_PHASE_STRIP = NO;
				DEBUG_INFORMATION_FORMAT = dwarf;
				ENABLE_STRICT_OBJC_MSGSEND = YES;
				ENABLE_TESTABILITY = YES;
				GCC_C_LANGUAGE_STANDARD = gnu11;
				GCC_DYNAMIC_NO_PIC = NO;
				GCC_NO_COMMON_BLOCKS = YES;
				GCC_OPTIMIZATION_LEVEL = 0;
				GCC_PREPROCESSOR_DEFINITIONS = (
					"DEBUG=1",
					"$(inherited)",
				);
				GCC_WARN_64_TO_32_BIT_CONVERSION = YES;
				GCC_WARN_ABOUT_RETURN_TYPE = YES_ERROR;
				GCC_WARN_UNDECLARED_SELECTOR = YES;
				GCC_WARN_UNINITIALIZED_AUTOS = YES_AGGRESSIVE;
				GCC_WARN_UNUSED_FUNCTION = YES;
				GCC_WARN_UNUSED_VARIABLE = YES;
				IPHONEOS_DEPLOYMENT_TARGET = 14.0;
				MTL_ENABLE_DEBUG_INFO = INCLUDE_SOURCE;
				MTL_FAST_MATH = YES;
				ONLY_ACTIVE_ARCH = YES;
				SDKROOT = iphoneos;
				SWIFT_ACTIVE_COMPILATION_CONDITIONS = DEBUG;
				SWIFT_OPTIMIZATION_LEVEL = "-Onone";
			};
			name = Debug;
		};
		E04BF29A2A2F73940054C6B0 /* Release */ = {
			isa = XCBuildConfiguration;
			buildSettings = {
				ALWAYS_SEARCH_USER_PATHS = NO;
				CLANG_ANALYZER_NONNULL = YES;
				CLANG_ANALYZER_NUMBER_OBJECT_CONVERSION = YES_AGGRESSIVE;
				CLANG_CXX_LANGUAGE_STANDARD = "gnu++20";
				CLANG_ENABLE_MODULES = YES;
				CLANG_ENABLE_OBJC_ARC = YES;
				CLANG_ENABLE_OBJC_WEAK = YES;
				CLANG_WARN_BLOCK_CAPTURE_AUTORELEASING = YES;
				CLANG_WARN_BOOL_CONVERSION = YES;
				CLANG_WARN_COMMA = YES;
				CLANG_WARN_CONSTANT_CONVERSION = YES;
				CLANG_WARN_DEPRECATED_OBJC_IMPLEMENTATIONS = YES;
				CLANG_WARN_DIRECT_OBJC_ISA_USAGE = YES_ERROR;
				CLANG_WARN_DOCUMENTATION_COMMENTS = YES;
				CLANG_WARN_EMPTY_BODY = YES;
				CLANG_WARN_ENUM_CONVERSION = YES;
				CLANG_WARN_INFINITE_RECURSION = YES;
				CLANG_WARN_INT_CONVERSION = YES;
				CLANG_WARN_NON_LITERAL_NULL_CONVERSION = YES;
				CLANG_WARN_OBJC_IMPLICIT_RETAIN_SELF = YES;
				CLANG_WARN_OBJC_LITERAL_CONVERSION = YES;
				CLANG_WARN_OBJC_ROOT_CLASS = YES_ERROR;
				CLANG_WARN_QUOTED_INCLUDE_IN_FRAMEWORK_HEADER = YES;
				CLANG_WARN_RANGE_LOOP_ANALYSIS = YES;
				CLANG_WARN_STRICT_PROTOTYPES = YES;
				CLANG_WARN_SUSPICIOUS_MOVE = YES;
				CLANG_WARN_UNGUARDED_AVAILABILITY = YES_AGGRESSIVE;
				CLANG_WARN_UNREACHABLE_CODE = YES;
				CLANG_WARN__DUPLICATE_METHOD_MATCH = YES;
				COPY_PHASE_STRIP = NO;
				DEBUG_INFORMATION_FORMAT = "dwarf-with-dsym";
				ENABLE_NS_ASSERTIONS = NO;
				ENABLE_STRICT_OBJC_MSGSEND = YES;
				GCC_C_LANGUAGE_STANDARD = gnu11;
				GCC_NO_COMMON_BLOCKS = YES;
				GCC_WARN_64_TO_32_BIT_CONVERSION = YES;
				GCC_WARN_ABOUT_RETURN_TYPE = YES_ERROR;
				GCC_WARN_UNDECLARED_SELECTOR = YES;
				GCC_WARN_UNINITIALIZED_AUTOS = YES_AGGRESSIVE;
				GCC_WARN_UNUSED_FUNCTION = YES;
				GCC_WARN_UNUSED_VARIABLE = YES;
				IPHONEOS_DEPLOYMENT_TARGET = 14.0;
				MTL_ENABLE_DEBUG_INFO = NO;
				MTL_FAST_MATH = YES;
				SDKROOT = iphoneos;
				SWIFT_COMPILATION_MODE = wholemodule;
				SWIFT_OPTIMIZATION_LEVEL = "-O";
				VALIDATE_PRODUCT = YES;
			};
			name = Release;
		};
		E04BF29C2A2F73940054C6B0 /* Debug */ = {
			isa = XCBuildConfiguration;
			buildSettings = {
				ASSETCATALOG_COMPILER_APPICON_NAME = AppIcon;
				ASSETCATALOG_COMPILER_GLOBAL_ACCENT_COLOR_NAME = AccentColor;
				CODE_SIGN_STYLE = Automatic;
				CURRENT_PROJECT_VERSION = 1;
				DEVELOPMENT_TEAM = HZJJ92S8JH;
				GENERATE_INFOPLIST_FILE = YES;
				INFOPLIST_FILE = Memories/Info.plist;
				INFOPLIST_KEY_NSPhotoLibraryUsageDescription = "To use photos from your library";
				INFOPLIST_KEY_UIApplicationSupportsIndirectInputEvents = YES;
				INFOPLIST_KEY_UILaunchStoryboardName = LaunchScreen;
				INFOPLIST_KEY_UIMainStoryboardFile = Main;
				INFOPLIST_KEY_UISupportedInterfaceOrientations = UIInterfaceOrientationPortrait;
				IPHONEOS_DEPLOYMENT_TARGET = 14.0;
				LD_RUNPATH_SEARCH_PATHS = (
					"$(inherited)",
					"@executable_path/Frameworks",
				);
				MARKETING_VERSION = 1.0;
				PRODUCT_BUNDLE_IDENTIFIER = com.danilshvets.Memories;
				PRODUCT_NAME = "$(TARGET_NAME)";
				SWIFT_EMIT_LOC_STRINGS = YES;
				SWIFT_VERSION = 5.0;
				TARGETED_DEVICE_FAMILY = "1,2";
			};
			name = Debug;
		};
		E04BF29D2A2F73940054C6B0 /* Release */ = {
			isa = XCBuildConfiguration;
			buildSettings = {
				ASSETCATALOG_COMPILER_APPICON_NAME = AppIcon;
				ASSETCATALOG_COMPILER_GLOBAL_ACCENT_COLOR_NAME = AccentColor;
				CODE_SIGN_STYLE = Automatic;
				CURRENT_PROJECT_VERSION = 1;
				DEVELOPMENT_TEAM = HZJJ92S8JH;
				GENERATE_INFOPLIST_FILE = YES;
				INFOPLIST_FILE = Memories/Info.plist;
				INFOPLIST_KEY_NSPhotoLibraryUsageDescription = "To use photos from your library";
				INFOPLIST_KEY_UIApplicationSupportsIndirectInputEvents = YES;
				INFOPLIST_KEY_UILaunchStoryboardName = LaunchScreen;
				INFOPLIST_KEY_UIMainStoryboardFile = Main;
				INFOPLIST_KEY_UISupportedInterfaceOrientations = UIInterfaceOrientationPortrait;
				IPHONEOS_DEPLOYMENT_TARGET = 14.0;
				LD_RUNPATH_SEARCH_PATHS = (
					"$(inherited)",
					"@executable_path/Frameworks",
				);
				MARKETING_VERSION = 1.0;
				PRODUCT_BUNDLE_IDENTIFIER = com.danilshvets.Memories;
				PRODUCT_NAME = "$(TARGET_NAME)";
				SWIFT_EMIT_LOC_STRINGS = YES;
				SWIFT_VERSION = 5.0;
				TARGETED_DEVICE_FAMILY = "1,2";
			};
			name = Release;
		};
/* End XCBuildConfiguration section */

/* Begin XCConfigurationList section */
		E04BF2822A2F738F0054C6B0 /* Build configuration list for PBXProject "Memories" */ = {
			isa = XCConfigurationList;
			buildConfigurations = (
				E04BF2992A2F73940054C6B0 /* Debug */,
				E04BF29A2A2F73940054C6B0 /* Release */,
			);
			defaultConfigurationIsVisible = 0;
			defaultConfigurationName = Release;
		};
		E04BF29B2A2F73940054C6B0 /* Build configuration list for PBXNativeTarget "Memories" */ = {
			isa = XCConfigurationList;
			buildConfigurations = (
				E04BF29C2A2F73940054C6B0 /* Debug */,
				E04BF29D2A2F73940054C6B0 /* Release */,
			);
			defaultConfigurationIsVisible = 0;
			defaultConfigurationName = Release;
		};
/* End XCConfigurationList section */

/* Begin XCRemoteSwiftPackageReference section */
		E05FEAC32A38587A0004EAE5 /* XCRemoteSwiftPackageReference "firebase-ios-sdk" */ = {
			isa = XCRemoteSwiftPackageReference;
			repositoryURL = "https://github.com/firebase/firebase-ios-sdk";
			requirement = {
				kind = upToNextMajorVersion;
				minimumVersion = 10.0.0;
			};
		};
		E08AAB022A39E0DC00EC1168 /* XCRemoteSwiftPackageReference "Kingfisher" */ = {
			isa = XCRemoteSwiftPackageReference;
			repositoryURL = "https://github.com/onevcat/Kingfisher.git";
			requirement = {
				kind = upToNextMajorVersion;
				minimumVersion = 7.0.0;
			};
		};
/* End XCRemoteSwiftPackageReference section */

/* Begin XCSwiftPackageProductDependency section */
		E05FEAC42A38587A0004EAE5 /* FirebaseAuth */ = {
			isa = XCSwiftPackageProductDependency;
			package = E05FEAC32A38587A0004EAE5 /* XCRemoteSwiftPackageReference "firebase-ios-sdk" */;
			productName = FirebaseAuth;
		};
		E05FEAC62A38587A0004EAE5 /* FirebaseAuthCombine-Community */ = {
			isa = XCSwiftPackageProductDependency;
			package = E05FEAC32A38587A0004EAE5 /* XCRemoteSwiftPackageReference "firebase-ios-sdk" */;
			productName = "FirebaseAuthCombine-Community";
		};
		E05FEAC82A38587A0004EAE5 /* FirebaseDatabase */ = {
			isa = XCSwiftPackageProductDependency;
			package = E05FEAC32A38587A0004EAE5 /* XCRemoteSwiftPackageReference "firebase-ios-sdk" */;
			productName = FirebaseDatabase;
		};
		E05FEACA2A38587A0004EAE5 /* FirebaseFirestore */ = {
			isa = XCSwiftPackageProductDependency;
			package = E05FEAC32A38587A0004EAE5 /* XCRemoteSwiftPackageReference "firebase-ios-sdk" */;
			productName = FirebaseFirestore;
		};
		E05FEACC2A38587A0004EAE5 /* FirebaseStorage */ = {
			isa = XCSwiftPackageProductDependency;
			package = E05FEAC32A38587A0004EAE5 /* XCRemoteSwiftPackageReference "firebase-ios-sdk" */;
			productName = FirebaseStorage;
		};
		E08AAB032A39E0DC00EC1168 /* Kingfisher */ = {
			isa = XCSwiftPackageProductDependency;
			package = E08AAB022A39E0DC00EC1168 /* XCRemoteSwiftPackageReference "Kingfisher" */;
			productName = Kingfisher;
		};
/* End XCSwiftPackageProductDependency section */

/* Begin XCVersionGroup section */
		E04BF29F2A2F73DE0054C6B0 /* Database.xcdatamodeld */ = {
			isa = XCVersionGroup;
			children = (
				E04BF2A02A2F73DE0054C6B0 /* Database.xcdatamodel */,
			);
			currentVersion = E04BF2A02A2F73DE0054C6B0 /* Database.xcdatamodel */;
			path = Database.xcdatamodeld;
			sourceTree = "<group>";
			versionGroupType = wrapper.xcdatamodel;
		};
/* End XCVersionGroup section */
	};
	rootObject = E04BF27F2A2F738F0054C6B0 /* Project object */;
}
